
Microsoft Visual Studio Solution File, Format Version 12.00
# Visual Studio Version 17
VisualStudioVersion = 17.5.33502.453
MinimumVisualStudioVersion = 10.0.40219.1
Project("{FAE04EC0-301F-11D3-BF4B-00C04F79EFBC}") = "InStepDAL", "InStepDAL\InStepDAL.csproj", "{6C835019-A5F9-4A8E-8945-C40C73AB040D}"
EndProject
Project("{9A19103F-16F7-4668-BE54-9A1E7A4F7556}") = "InStepMVC", "InStepMVC\InStepMVC.csproj", "{5D85FFF1-4850-48D3-9375-952773A7334D}"
EndProject
Global
	GlobalSection(SolutionConfigurationPlatforms) = preSolution
		Debug|Any CPU = Debug|Any CPU
		Release|Any CPU = Release|Any CPU
	EndGlobalSection
	GlobalSection(ProjectConfigurationPlatforms) = postSolution
		{6C835019-A5F9-4A8E-8945-C40C73AB040D}.Debug|Any CPU.ActiveCfg = Debug|Any CPU
		{6C835019-A5F9-4A8E-8945-C40C73AB040D}.Debug|Any CPU.Build.0 = Debug|Any CPU
		{6C835019-A5F9-4A8E-8945-C40C73AB040D}.Release|Any CPU.ActiveCfg = Release|Any CPU
		{6C835019-A5F9-4A8E-8945-C40C73AB040D}.Release|Any CPU.Build.0 = Release|Any CPU
		{5D85FFF1-4850-48D3-9375-952773A7334D}.Debug|Any CPU.ActiveCfg = Debug|Any CPU
		{5D85FFF1-4850-48D3-9375-952773A7334D}.Debug|Any CPU.Build.0 = Debug|Any CPU
		{5D85FFF1-4850-48D3-9375-952773A7334D}.Release|Any CPU.ActiveCfg = Release|Any CPU
		{5D85FFF1-4850-48D3-9375-952773A7334D}.Release|Any CPU.Build.0 = Release|Any CPU
	EndGlobalSection
	GlobalSection(SolutionProperties) = preSolution
		HideSolutionNode = FALSE
	EndGlobalSection
	GlobalSection(ExtensibilityGlobals) = postSolution
		SolutionGuid = {B2386FBB-DF67-461B-AE56-4511255CF802}
	EndGlobalSection
EndGlobal
